
Microsoft Visual Studio Solution File, Format Version 11.00
# Visual Studio 2010
Project("{FAE04EC0-301F-11D3-BF4B-00C04F79EFBC}") = "SteamVR", "SteamVR.csproj", "{6F5F904B-70B9-A160-CEF8-9C6FE49C3F2C}"
EndProject
Project("{FAE04EC0-301F-11D3-BF4B-00C04F79EFBC}") = "Assembly-CSharp", "Assembly-CSharp.csproj", "{48B4ABE4-4953-843C-3128-85C4A0C4F496}"
EndProject
Project("{FAE04EC0-301F-11D3-BF4B-00C04F79EFBC}") = "Assembly-CSharp-firstpass", "Assembly-CSharp-firstpass.csproj", "{51D243C9-CC13-EC27-6483-9BF28A80ED71}"
EndProject
Project("{FAE04EC0-301F-11D3-BF4B-00C04F79EFBC}") = "PhotonUnityNetworking.Demos", "PhotonUnityNetworking.Demos.csproj", "{83D85176-A7BF-1965-314E-3FFAE0A86EDA}"
EndProject
Project("{FAE04EC0-301F-11D3-BF4B-00C04F79EFBC}") = "PhotonRealtime", "PhotonRealtime.csproj", "{91360A69-9607-7A9B-429B-C01F7F5CEC97}"
EndProject
Project("{FAE04EC0-301F-11D3-BF4B-00C04F79EFBC}") = "PhotonUnityNetworking", "PhotonUnityNetworking.csproj", "{CF5AB1AF-28A3-2F30-3BDC-C31C420A402C}"
EndProject
Project("{FAE04EC0-301F-11D3-BF4B-00C04F79EFBC}") = "PhotonUnityNetworking.Utilities", "PhotonUnityNetworking.Utilities.csproj", "{48A3C920-E1E4-2D2E-D44C-3C9DD8E50F11}"
EndProject
Project("{FAE04EC0-301F-11D3-BF4B-00C04F79EFBC}") = "PhotonChat", "PhotonChat.csproj", "{2686EBA6-9ECF-ECAE-DC10-B561921EA2E1}"
EndProject
Project("{FAE04EC0-301F-11D3-BF4B-00C04F79EFBC}") = "SteamVR_Actions", "SteamVR_Actions.csproj", "{156E3C7D-7900-5111-58D8-169E596CE3FB}"
EndProject
Project("{FAE04EC0-301F-11D3-BF4B-00C04F79EFBC}") = "PhotonUnityNetworking.Editor", "PhotonUnityNetworking.Editor.csproj", "{773857E4-5829-88F6-9F2E-6F4BB0986149}"
EndProject
Project("{FAE04EC0-301F-11D3-BF4B-00C04F79EFBC}") = "Assembly-CSharp-Editor-firstpass", "Assembly-CSharp-Editor-firstpass.csproj", "{3E7D0334-586C-9066-73D3-AD083BA673B7}"
EndProject
Project("{FAE04EC0-301F-11D3-BF4B-00C04F79EFBC}") = "SteamVR_Input_Editor", "SteamVR_Input_Editor.csproj", "{9B86F56E-94BA-29D0-C702-23739D8BE85D}"
EndProject
Project("{FAE04EC0-301F-11D3-BF4B-00C04F79EFBC}") = "Assembly-CSharp-Editor", "Assembly-CSharp-Editor.csproj", "{0552CB09-B47E-A22E-98CB-BDFEAE400139}"
EndProject
Project("{FAE04EC0-301F-11D3-BF4B-00C04F79EFBC}") = "PhotonUnityNetworking.Utilities.PhotonPlayer.Editor", "PhotonUnityNetworking.Utilities.PhotonPlayer.Editor.csproj", "{54EB9A1E-876D-EB2A-749D-B1FA4CE281AD}"
EndProject
Project("{FAE04EC0-301F-11D3-BF4B-00C04F79EFBC}") = "PunDemos.DemoSlotcarEditor", "PunDemos.DemoSlotcarEditor.csproj", "{E00B6282-EDB6-5E3A-F947-0A87E46D9C37}"
EndProject
Project("{FAE04EC0-301F-11D3-BF4B-00C04F79EFBC}") = "SteamVR_Editor", "SteamVR_Editor.csproj", "{C2832D90-A2C0-53F0-E79C-8264C501C3F1}"
EndProject
Project("{FAE04EC0-301F-11D3-BF4B-00C04F79EFBC}") = "PhotonUnityNetworking.Utilities.Culling.Editor", "PhotonUnityNetworking.Utilities.Culling.Editor.csproj", "{739D8906-0EF7-CD51-1ED2-8FB9F6D915DE}"
EndProject
Project("{FAE04EC0-301F-11D3-BF4B-00C04F79EFBC}") = "PunDemos.DemoHubEditor", "PunDemos.DemoHubEditor.csproj", "{D57CE2BA-02FB-AEC1-536E-9BE027E9ECC7}"
EndProject
Project("{FAE04EC0-301F-11D3-BF4B-00C04F79EFBC}") = "SteamVR_Windows_EditorHelper", "SteamVR_Windows_EditorHelper.csproj", "{49B2F6DF-FF13-BF4E-41CF-C5BEDCA4D5C7}"
EndProject
Global
	GlobalSection(SolutionConfigurationPlatforms) = preSolution
		Debug|Any CPU = Debug|Any CPU
		Release|Any CPU = Release|Any CPU
	EndGlobalSection
	GlobalSection(ProjectConfigurationPlatforms) = postSolution
		{6F5F904B-70B9-A160-CEF8-9C6FE49C3F2C}.Debug|Any CPU.ActiveCfg = Debug|Any CPU
		{6F5F904B-70B9-A160-CEF8-9C6FE49C3F2C}.Debug|Any CPU.Build.0 = Debug|Any CPU
		{6F5F904B-70B9-A160-CEF8-9C6FE49C3F2C}.Release|Any CPU.ActiveCfg = Release|Any CPU
		{6F5F904B-70B9-A160-CEF8-9C6FE49C3F2C}.Release|Any CPU.Build.0 = Release|Any CPU
		{48B4ABE4-4953-843C-3128-85C4A0C4F496}.Debug|Any CPU.ActiveCfg = Debug|Any CPU
		{48B4ABE4-4953-843C-3128-85C4A0C4F496}.Debug|Any CPU.Build.0 = Debug|Any CPU
		{48B4ABE4-4953-843C-3128-85C4A0C4F496}.Release|Any CPU.ActiveCfg = Release|Any CPU
		{48B4ABE4-4953-843C-3128-85C4A0C4F496}.Release|Any CPU.Build.0 = Release|Any CPU
		{51D243C9-CC13-EC27-6483-9BF28A80ED71}.Debug|Any CPU.ActiveCfg = Debug|Any CPU
		{51D243C9-CC13-EC27-6483-9BF28A80ED71}.Debug|Any CPU.Build.0 = Debug|Any CPU
		{51D243C9-CC13-EC27-6483-9BF28A80ED71}.Release|Any CPU.ActiveCfg = Release|Any CPU
		{51D243C9-CC13-EC27-6483-9BF28A80ED71}.Release|Any CPU.Build.0 = Release|Any CPU
		{83D85176-A7BF-1965-314E-3FFAE0A86EDA}.Debug|Any CPU.ActiveCfg = Debug|Any CPU
		{83D85176-A7BF-1965-314E-3FFAE0A86EDA}.Debug|Any CPU.Build.0 = Debug|Any CPU
		{83D85176-A7BF-1965-314E-3FFAE0A86EDA}.Release|Any CPU.ActiveCfg = Release|Any CPU
		{83D85176-A7BF-1965-314E-3FFAE0A86EDA}.Release|Any CPU.Build.0 = Release|Any CPU
		{91360A69-9607-7A9B-429B-C01F7F5CEC97}.Debug|Any CPU.ActiveCfg = Debug|Any CPU
		{91360A69-9607-7A9B-429B-C01F7F5CEC97}.Debug|Any CPU.Build.0 = Debug|Any CPU
		{91360A69-9607-7A9B-429B-C01F7F5CEC97}.Release|Any CPU.ActiveCfg = Release|Any CPU
		{91360A69-9607-7A9B-429B-C01F7F5CEC97}.Release|Any CPU.Build.0 = Release|Any CPU
		{CF5AB1AF-28A3-2F30-3BDC-C31C420A402C}.Debug|Any CPU.ActiveCfg = Debug|Any CPU
		{CF5AB1AF-28A3-2F30-3BDC-C31C420A402C}.Debug|Any CPU.Build.0 = Debug|Any CPU
		{CF5AB1AF-28A3-2F30-3BDC-C31C420A402C}.Release|Any CPU.ActiveCfg = Release|Any CPU
		{CF5AB1AF-28A3-2F30-3BDC-C31C420A402C}.Release|Any CPU.Build.0 = Release|Any CPU
		{48A3C920-E1E4-2D2E-D44C-3C9DD8E50F11}.Debug|Any CPU.ActiveCfg = Debug|Any CPU
		{48A3C920-E1E4-2D2E-D44C-3C9DD8E50F11}.Debug|Any CPU.Build.0 = Debug|Any CPU
		{48A3C920-E1E4-2D2E-D44C-3C9DD8E50F11}.Release|Any CPU.ActiveCfg = Release|Any CPU
		{48A3C920-E1E4-2D2E-D44C-3C9DD8E50F11}.Release|Any CPU.Build.0 = Release|Any CPU
		{2686EBA6-9ECF-ECAE-DC10-B561921EA2E1}.Debug|Any CPU.ActiveCfg = Debug|Any CPU
		{2686EBA6-9ECF-ECAE-DC10-B561921EA2E1}.Debug|Any CPU.Build.0 = Debug|Any CPU
		{2686EBA6-9ECF-ECAE-DC10-B561921EA2E1}.Release|Any CPU.ActiveCfg = Release|Any CPU
		{2686EBA6-9ECF-ECAE-DC10-B561921EA2E1}.Release|Any CPU.Build.0 = Release|Any CPU
		{156E3C7D-7900-5111-58D8-169E596CE3FB}.Debug|Any CPU.ActiveCfg = Debug|Any CPU
		{156E3C7D-7900-5111-58D8-169E596CE3FB}.Debug|Any CPU.Build.0 = Debug|Any CPU
		{156E3C7D-7900-5111-58D8-169E596CE3FB}.Release|Any CPU.ActiveCfg = Release|Any CPU
		{156E3C7D-7900-5111-58D8-169E596CE3FB}.Release|Any CPU.Build.0 = Release|Any CPU
		{773857E4-5829-88F6-9F2E-6F4BB0986149}.Debug|Any CPU.ActiveCfg = Debug|Any CPU
		{773857E4-5829-88F6-9F2E-6F4BB0986149}.Debug|Any CPU.Build.0 = Debug|Any CPU
		{773857E4-5829-88F6-9F2E-6F4BB0986149}.Release|Any CPU.ActiveCfg = Release|Any CPU
		{773857E4-5829-88F6-9F2E-6F4BB0986149}.Release|Any CPU.Build.0 = Release|Any CPU
		{3E7D0334-586C-9066-73D3-AD083BA673B7}.Debug|Any CPU.ActiveCfg = Debug|Any CPU
		{3E7D0334-586C-9066-73D3-AD083BA673B7}.Debug|Any CPU.Build.0 = Debug|Any CPU
		{3E7D0334-586C-9066-73D3-AD083BA673B7}.Release|Any CPU.ActiveCfg = Release|Any CPU
		{3E7D0334-586C-9066-73D3-AD083BA673B7}.Release|Any CPU.Build.0 = Release|Any CPU
		{9B86F56E-94BA-29D0-C702-23739D8BE85D}.Debug|Any CPU.ActiveCfg = Debug|Any CPU
		{9B86F56E-94BA-29D0-C702-23739D8BE85D}.Debug|Any CPU.Build.0 = Debug|Any CPU
		{9B86F56E-94BA-29D0-C702-23739D8BE85D}.Release|Any CPU.ActiveCfg = Release|Any CPU
		{9B86F56E-94BA-29D0-C702-23739D8BE85D}.Release|Any CPU.Build.0 = Release|Any CPU
		{0552CB09-B47E-A22E-98CB-BDFEAE400139}.Debug|Any CPU.ActiveCfg = Debug|Any CPU
		{0552CB09-B47E-A22E-98CB-BDFEAE400139}.Debug|Any CPU.Build.0 = Debug|Any CPU
		{0552CB09-B47E-A22E-98CB-BDFEAE400139}.Release|Any CPU.ActiveCfg = Release|Any CPU
		{0552CB09-B47E-A22E-98CB-BDFEAE400139}.Release|Any CPU.Build.0 = Release|Any CPU
		{54EB9A1E-876D-EB2A-749D-B1FA4CE281AD}.Debug|Any CPU.ActiveCfg = Debug|Any CPU
		{54EB9A1E-876D-EB2A-749D-B1FA4CE281AD}.Debug|Any CPU.Build.0 = Debug|Any CPU
		{54EB9A1E-876D-EB2A-749D-B1FA4CE281AD}.Release|Any CPU.ActiveCfg = Release|Any CPU
		{54EB9A1E-876D-EB2A-749D-B1FA4CE281AD}.Release|Any CPU.Build.0 = Release|Any CPU
		{E00B6282-EDB6-5E3A-F947-0A87E46D9C37}.Debug|Any CPU.ActiveCfg = Debug|Any CPU
		{E00B6282-EDB6-5E3A-F947-0A87E46D9C37}.Debug|Any CPU.Build.0 = Debug|Any CPU
		{E00B6282-EDB6-5E3A-F947-0A87E46D9C37}.Release|Any CPU.ActiveCfg = Release|Any CPU
		{E00B6282-EDB6-5E3A-F947-0A87E46D9C37}.Release|Any CPU.Build.0 = Release|Any CPU
		{C2832D90-A2C0-53F0-E79C-8264C501C3F1}.Debug|Any CPU.ActiveCfg = Debug|Any CPU
		{C2832D90-A2C0-53F0-E79C-8264C501C3F1}.Debug|Any CPU.Build.0 = Debug|Any CPU
		{C2832D90-A2C0-53F0-E79C-8264C501C3F1}.Release|Any CPU.ActiveCfg = Release|Any CPU
		{C2832D90-A2C0-53F0-E79C-8264C501C3F1}.Release|Any CPU.Build.0 = Release|Any CPU
		{739D8906-0EF7-CD51-1ED2-8FB9F6D915DE}.Debug|Any CPU.ActiveCfg = Debug|Any CPU
		{739D8906-0EF7-CD51-1ED2-8FB9F6D915DE}.Debug|Any CPU.Build.0 = Debug|Any CPU
		{739D8906-0EF7-CD51-1ED2-8FB9F6D915DE}.Release|Any CPU.ActiveCfg = Release|Any CPU
		{739D8906-0EF7-CD51-1ED2-8FB9F6D915DE}.Release|Any CPU.Build.0 = Release|Any CPU
		{D57CE2BA-02FB-AEC1-536E-9BE027E9ECC7}.Debug|Any CPU.ActiveCfg = Debug|Any CPU
		{D57CE2BA-02FB-AEC1-536E-9BE027E9ECC7}.Debug|Any CPU.Build.0 = Debug|Any CPU
		{D57CE2BA-02FB-AEC1-536E-9BE027E9ECC7}.Release|Any CPU.ActiveCfg = Release|Any CPU
		{D57CE2BA-02FB-AEC1-536E-9BE027E9ECC7}.Release|Any CPU.Build.0 = Release|Any CPU
		{49B2F6DF-FF13-BF4E-41CF-C5BEDCA4D5C7}.Debug|Any CPU.ActiveCfg = Debug|Any CPU
		{49B2F6DF-FF13-BF4E-41CF-C5BEDCA4D5C7}.Debug|Any CPU.Build.0 = Debug|Any CPU
		{49B2F6DF-FF13-BF4E-41CF-C5BEDCA4D5C7}.Release|Any CPU.ActiveCfg = Release|Any CPU
		{49B2F6DF-FF13-BF4E-41CF-C5BEDCA4D5C7}.Release|Any CPU.Build.0 = Release|Any CPU
	EndGlobalSection
	GlobalSection(SolutionProperties) = preSolution
		HideSolutionNode = FALSE
	EndGlobalSection
EndGlobal
